
Microsoft Visual Studio Solution File, Format Version 12.00
Project("{FAE04EC0-301F-11D3-BF4B-00C04F79EFBC}") = "BuggyTasks", "BuggyTasks\BuggyTasks.csproj", "{F75314C4-6BA1-44DD-B684-DA4E848C0119}"
EndProject
Global
	GlobalSection(SolutionConfigurationPlatforms) = preSolution
		Debug|Any CPU = Debug|Any CPU
		Release|Any CPU = Release|Any CPU
	EndGlobalSection
	GlobalSection(ProjectConfigurationPlatforms) = postSolution
		{F75314C4-6BA1-44DD-B684-DA4E848C0119}.Debug|Any CPU.ActiveCfg = Debug|Any CPU
		{F75314C4-6BA1-44DD-B684-DA4E848C0119}.Debug|Any CPU.Build.0 = Debug|Any CPU
		{F75314C4-6BA1-44DD-B684-DA4E848C0119}.Release|Any CPU.ActiveCfg = Release|Any CPU
		{F75314C4-6BA1-44DD-B684-DA4E848C0119}.Release|Any CPU.Build.0 = Release|Any CPU
	EndGlobalSection
EndGlobal
